
Microsoft Visual Studio Solution File, Format Version 12.00
Project("{FAE04EC0-301F-11D3-BF4B-00C04F79EFBC}") = "Network.Server", "Network.Server\Network.Server.csproj", "{8191768F-9437-45B4-89DD-380DF55C2334}"
EndProject
Project("{FAE04EC0-301F-11D3-BF4B-00C04F79EFBC}") = "Network.Client", "Network.Client\Network.Client.csproj", "{7AFCAC29-647C-4B44-9881-C65D44F715DD}"
EndProject
Global
	GlobalSection(SolutionConfigurationPlatforms) = preSolution
		Debug|Any CPU = Debug|Any CPU
		Release|Any CPU = Release|Any CPU
	EndGlobalSection
	GlobalSection(ProjectConfigurationPlatforms) = postSolution
		{8191768F-9437-45B4-89DD-380DF55C2334}.Debug|Any CPU.ActiveCfg = Debug|Any CPU
		{8191768F-9437-45B4-89DD-380DF55C2334}.Debug|Any CPU.Build.0 = Debug|Any CPU
		{8191768F-9437-45B4-89DD-380DF55C2334}.Release|Any CPU.ActiveCfg = Release|Any CPU
		{8191768F-9437-45B4-89DD-380DF55C2334}.Release|Any CPU.Build.0 = Release|Any CPU
		{7AFCAC29-647C-4B44-9881-C65D44F715DD}.Debug|Any CPU.ActiveCfg = Debug|Any CPU
		{7AFCAC29-647C-4B44-9881-C65D44F715DD}.Debug|Any CPU.Build.0 = Debug|Any CPU
		{7AFCAC29-647C-4B44-9881-C65D44F715DD}.Release|Any CPU.ActiveCfg = Release|Any CPU
		{7AFCAC29-647C-4B44-9881-C65D44F715DD}.Release|Any CPU.Build.0 = Release|Any CPU
	EndGlobalSection
EndGlobal
